// !$*UTF8*$!
{
	archiveVersion = 1;
	classes = {
	};
	objectVersion = 77;
	objects = {

/* Begin PBXContainerItemProxy section */
		FBF0D60A2F8D6FC30037B7A6 /* PBXContainerItemProxy */ = {
			isa = PBXContainerItemProxy;
			containerPortal = FBF0D5F42F8D6FC10037B7A6 /* Project object */;
			proxyType = 1;
			remoteGlobalIDString = FBF0D5FB2F8D6FC10037B7A6;
			remoteInfo = OtekClientes;
		};
		FBF0D6142F8D6FC30037B7A6 /* PBXContainerItemProxy */ = {
			isa = PBXContainerItemProxy;
			containerPortal = FBF0D5F42F8D6FC10037B7A6 /* Project object */;
			proxyType = 1;
			remoteGlobalIDString = FBF0D5FB2F8D6FC10037B7A6;
			remoteInfo = OtekClientes;
		};
/* End PBXContainerItemProxy section */

/* Begin PBXFileReference section */
		FBF0D5FC2F8D6FC10037B7A6 /* OtekClientes.app */ = {isa = PBXFileReference; explicitFileType = wrapper.application; includeInIndex = 0; path = OtekClientes.app; sourceTree = BUILT_PRODUCTS_DIR; };
		FBF0D6092F8D6FC30037B7A6 /* OtekClientesTests.xctest */ = {isa = PBXFileReference; explicitFileType = wrapper.cfbundle; includeInIndex = 0; path = OtekClientesTests.xctest; sourceTree = BUILT_PRODUCTS_DIR; };
		FBF0D6132F8D6FC30037B7A6 /* OtekClientesUITests.xctest */ = {isa = PBXFileReference; explicitFileType = wrapper.cfbundle; includeInIndex = 0; path = OtekClientesUITests.xctest; sourceTree = BUILT_PRODUCTS_DIR; };
/* End PBXFileReference section */

/* Begin PBXFileSystemSynchronizedRootGroup section */
		FBF0D5FE2F8D6FC10037B7A6 /* OtekClientes */ = {
			isa = PBXFileSystemSynchronizedRootGroup;
			path = OtekClientes;
			sourceTree = "<group>";
		};
		FBF0D60C2F8D6FC30037B7A6 /* OtekClientesTests */ = {
			isa = PBXFileSystemSynchronizedRootGroup;
			path = OtekClientesTests;
			sourceTree = "<group>";
		};
		FBF0D6162F8D6FC30037B7A6 /* OtekClientesUITests */ = {
			isa = PBXFileSystemSynchronizedRootGroup;
			path = OtekClientesUITests;
			sourceTree = "<group>";
		};
/* End PBXFileSystemSynchronizedRootGroup section */

/* Begin PBXFrameworksBuildPhase section */
		FBF0D5F92F8D6FC10037B7A6 /* Frameworks */ = {
			isa = PBXFrameworksBuildPhase;
			buildActionMask = 2147483647;
			files = (
			);
			runOnlyForDeploymentPostprocessing = 0;
		};
		FBF0D6062F8D6FC30037B7A6 /* Frameworks */ = {
			isa = PBXFrameworksBuildPhase;
			buildActionMask = 2147483647;
			files = (
			);
			runOnlyForDeploymentPostprocessing = 0;
		};
		FBF0D6102F8D6FC30037B7A6 /* Frameworks */ = {
			isa = PBXFrameworksBuildPhase;
			buildActionMask = 2147483647;
			files = (
			);
			runOnlyForDeploymentPostprocessing = 0;
		};
/* End PBXFrameworksBuildPhase section */

/* Begin PBXGroup section */
		FBF0D5F32F8D6FC10037B7A6 = {
			isa = PBXGroup;
			children = (
				FBF0D5FE2F8D6FC10037B7A6 /* OtekClientes */,
				FBF0D60C2F8D6FC30037B7A6 /* OtekClientesTests */,
				FBF0D6162F8D6FC30037B7A6 /* OtekClientesUITests */,
				FBF0D5FD2F8D6FC10037B7A6 /* Products */,
			);
			sourceTree = "<group>";
		};
		FBF0D5FD2F8D6FC10037B7A6 /* Products */ = {
			isa = PBXGroup;
			children = (
				FBF0D5FC2F8D6FC10037B7A6 /* OtekClientes.app */,
				FBF0D6092F8D6FC30037B7A6 /* OtekClientesTests.xctest */,
				FBF0D6132F8D6FC30037B7A6 /* OtekClientesUITests.xctest */,
			);
			name = Products;
			sourceTree = "<group>";
		};
/* End PBXGroup section */

/* Begin PBXNativeTarget section */
		FBF0D5FB2F8D6FC10037B7A6 /* OtekClientes */ = {
			isa = PBXNativeTarget;
			buildConfigurationList = FBF0D61D2F8D6FC30037B7A6 /* Build configuration list for PBXNativeTarget "OtekClientes" */;
			buildPhases = (
				FBF0D5F82F8D6FC10037B7A6 /* Sources */,
				FBF0D5F92F8D6FC10037B7A6 /* Frameworks */,
				FBF0D5FA2F8D6FC10037B7A6 /* Resources */,
			);
			buildRules = (
			);
			dependencies = (
			);
			fileSystemSynchronizedGroups = (
				FBF0D5FE2F8D6FC10037B7A6 /* OtekClientes */,
			);
			name = OtekClientes;
			packageProductDependencies = (
			);
			productName = OtekClientes;
			productReference = FBF0D5FC2F8D6FC10037B7A6 /* OtekClientes.app */;
			productType = "com.apple.product-type.application";
		};
		FBF0D6082F8D6FC30037B7A6 /* OtekClientesTests */ = {
			isa = PBXNativeTarget;
			buildConfigurationList = FBF0D6202F8D6FC30037B7A6 /* Build configuration list for PBXNativeTarget "OtekClientesTests" */;
			buildPhases = (
				FBF0D6052F8D6FC30037B7A6 /* Sources */,
				FBF0D6062F8D6FC30037B7A6 /* Frameworks */,
				FBF0D6072F8D6FC30037B7A6 /* Resources */,
			);
			buildRules = (
			);
			dependencies = (
				FBF0D60B2F8D6FC30037B7A6 /* PBXTargetDependency */,
			);
			fileSystemSynchronizedGroups = (
				FBF0D60C2F8D6FC30037B7A6 /* OtekClientesTests */,
			);
			name = OtekClientesTests;
			packageProductDependencies = (
			);
			productName = OtekClientesTests;
			productReference = FBF0D6092F8D6FC30037B7A6 /* OtekClientesTests.xctest */;
			productType = "com.apple.product-type.bundle.unit-test";
		};
		FBF0D6122F8D6FC30037B7A6 /* OtekClientesUITests */ = {
			isa = PBXNativeTarget;
			buildConfigurationList = FBF0D6232F8D6FC30037B7A6 /* Build configuration list for PBXNativeTarget "OtekClientesUITests" */;
			buildPhases = (
				FBF0D60F2F8D6FC30037B7A6 /* Sources */,
				FBF0D6102F8D6FC30037B7A6 /* Frameworks */,
				FBF0D6112F8D6FC30037B7A6 /* Resources */,
			);
			buildRules = (
			);
			dependencies = (
				FBF0D6152F8D6FC30037B7A6 /* PBXTargetDependency */,
			);
			fileSystemSynchronizedGroups = (
				FBF0D6162F8D6FC30037B7A6 /* OtekClientesUITests */,
			);
			name = OtekClientesUITests;
			packageProductDependencies = (
			);
			productName = OtekClientesUITests;
			productReference = FBF0D6132F8D6FC30037B7A6 /* OtekClientesUITests.xctest */;
			productType = "com.apple.product-type.bundle.ui-testing";
		};
/* End PBXNativeTarget section */

/* Begin PBXProject section */
		FBF0D5F42F8D6FC10037B7A6 /* Project object */ = {
			isa = PBXProject;
			attributes = {
				BuildIndependentTargetsInParallel = 1;
				LastSwiftUpdateCheck = 2640;
				LastUpgradeCheck = 2640;
				TargetAttributes = {
					FBF0D5FB2F8D6FC10037B7A6 = {
						CreatedOnToolsVersion = 26.4;
					};
					FBF0D6082F8D6FC30037B7A6 = {
						CreatedOnToolsVersion = 26.4;
						TestTargetID = FBF0D5FB2F8D6FC10037B7A6;
					};
					FBF0D6122F8D6FC30037B7A6 = {
						CreatedOnToolsVersion = 26.4;
						TestTargetID = FBF0D5FB2F8D6FC10037B7A6;
					};
				};
			};
			buildConfigurationList = FBF0D5F72F8D6FC10037B7A6 /* Build configuration list for PBXProject "OtekClientes" */;
			developmentRegion = en;
			hasScannedForEncodings = 0;
			knownRegions = (
				en,
				Base,
			);
			mainGroup = FBF0D5F32F8D6FC10037B7A6;
			minimizedProjectReferenceProxies = 1;
			preferredProjectObjectVersion = 77;
			productRefGroup = FBF0D5FD2F8D6FC10037B7A6 /* Products */;
			projectDirPath = "";
			projectRoot = "";
			targets = (
				FBF0D5FB2F8D6FC10037B7A6 /* OtekClientes */,
				FBF0D6082F8D6FC30037B7A6 /* OtekClientesTests */,
				FBF0D6122F8D6FC30037B7A6 /* OtekClientesUITests */,
			);
		};
/* End PBXProject section */

/* Begin PBXResourcesBuildPhase section */
		FBF0D5FA2F8D6FC10037B7A6 /* Resources */ = {
			isa = PBXResourcesBuildPhase;
			buildActionMask = 2147483647;
			files = (
			);
			runOnlyForDeploymentPostprocessing = 0;
		};
		FBF0D6072F8D6FC30037B7A6 /* Resources */ = {
			isa = PBXResourcesBuildPhase;
			buildActionMask = 2147483647;
			files = (
			);
			runOnlyForDeploymentPostprocessing = 0;
		};
		FBF0D6112F8D6FC30037B7A6 /* Resources */ = {
			isa = PBXResourcesBuildPhase;
			buildActionMask = 2147483647;
			files = (
			);
			runOnlyForDeploymentPostprocessing = 0;
		};
/* End PBXResourcesBuildPhase section */

/* Begin PBXSourcesBuildPhase section */
		FBF0D5F82F8D6FC10037B7A6 /* Sources */ = {
			isa = PBXSourcesBuildPhase;
			buildActionMask = 2147483647;
			files = (
			);
			runOnlyForDeploymentPostprocessing = 0;
		};
		FBF0D6052F8D6FC30037B7A6 /* Sources */ = {
			isa = PBXSourcesBuildPhase;
			buildActionMask = 2147483647;
			files = (
			);
			runOnlyForDeploymentPostprocessing = 0;
		};
		FBF0D60F2F8D6FC30037B7A6 /* Sources */ = {
			isa = PBXSourcesBuildPhase;
			buildActionMask = 2147483647;
			files = (
			);
			runOnlyForDeploymentPostprocessing = 0;
		};
/* End PBXSourcesBuildPhase section */

/* Begin PBXTargetDependency section */
		FBF0D60B2F8D6FC30037B7A6 /* PBXTargetDependency */ = {
			isa = PBXTargetDependency;
			target = FBF0D5FB2F8D6FC10037B7A6 /* OtekClientes */;
			targetProxy = FBF0D60A2F8D6FC30037B7A6 /* PBXContainerItemProxy */;
		};
		FBF0D6152F8D6FC30037B7A6 /* PBXTargetDependency */ = {
			isa = PBXTargetDependency;
			target = FBF0D5FB2F8D6FC10037B7A6 /* OtekClientes */;
			targetProxy = FBF0D6142F8D6FC30037B7A6 /* PBXContainerItemProxy */;
		};
/* End PBXTargetDependency section */

/* Begin XCBuildConfiguration section */
		FBF0D61B2F8D6FC30037B7A6 /* Debug */ = {
			isa = XCBuildConfiguration;
			buildSettings = {
				ALWAYS_SEARCH_USER_PATHS = NO;
				ASSETCATALOG_COMPILER_GENERATE_SWIFT_ASSET_SYMBOL_EXTENSIONS = YES;
				CLANG_ANALYZER_NONNULL = YES;
				CLANG_ANALYZER_NUMBER_OBJECT_CONVERSION = YES_AGGRESSIVE;
				CLANG_CXX_LANGUAGE_STANDARD = "gnu++20";
				CLANG_ENABLE_MODULES = YES;
				CLANG_ENABLE_OBJC_ARC = YES;
				CLANG_ENABLE_OBJC_WEAK = YES;
				CLANG_WARN_BLOCK_CAPTURE_AUTORELEASING = YES;
				CLANG_WARN_BOOL_CONVERSION = YES;
				CLANG_WARN_COMMA = YES;
				CLANG_WARN_CONSTANT_CONVERSION = YES;
				CLANG_WARN_DEPRECATED_OBJC_IMPLEMENTATIONS = YES;
				CLANG_WARN_DIRECT_OBJC_ISA_USAGE = YES_ERROR;
				CLANG_WARN_DOCUMENTATION_COMMENTS = YES;
				CLANG_WARN_EMPTY_BODY = YES;
				CLANG_WARN_ENUM_CONVERSION = YES;
				CLANG_WARN_INFINITE_RECURSION = YES;
				CLANG_WARN_INT_CONVERSION = YES;
				CLANG_WARN_NON_LITERAL_NULL_CONVERSION = YES;
				CLANG_WARN_OBJC_IMPLICIT_RETAIN_SELF = YES;
				CLANG_WARN_OBJC_LITERAL_CONVERSION = YES;
				CLANG_WARN_OBJC_ROOT_CLASS = YES_ERROR;
				CLANG_WARN_QUOTED_INCLUDE_IN_FRAMEWORK_HEADER = YES;
				CLANG_WARN_RANGE_LOOP_ANALYSIS = YES;
				CLANG_WARN_STRICT_PROTOTYPES = YES;
				CLANG_WARN_SUSPICIOUS_MOVE = YES;
				CLANG_WARN_UNGUARDED_AVAILABILITY = YES_AGGRESSIVE;
				CLANG_WARN_UNREACHABLE_CODE = YES;
				CLANG_WARN__DUPLICATE_METHOD_MATCH = YES;
				COPY_PHASE_STRIP = NO;
				DEBUG_INFORMATION_FORMAT = dwarf;
				ENABLE_STRICT_OBJC_MSGSEND = YES;
				ENABLE_TESTABILITY = YES;
				ENABLE_USER_SCRIPT_SANDBOXING = YES;
				GCC_C_LANGUAGE_STANDARD = gnu17;
				GCC_DYNAMIC_NO_PIC = NO;
				GCC_NO_COMMON_BLOCKS = YES;
				GCC_OPTIMIZATION_LEVEL = 0;
				GCC_PREPROCESSOR_DEFINITIONS = (
					"DEBUG=1",
					"$(inherited)",
				);
				GCC_WARN_64_TO_32_BIT_CONVERSION = YES;
				GCC_WARN_ABOUT_RETURN_TYPE = YES_ERROR;
				GCC_WARN_UNDECLARED_SELECTOR = YES;
				GCC_WARN_UNINITIALIZED_AUTOS = YES_AGGRESSIVE;
				GCC_WARN_UNUSED_FUNCTION = YES;
				GCC_WARN_UNUSED_VARIABLE = YES;
				IPHONEOS_DEPLOYMENT_TARGET = 26.4;
				LOCALIZATION_PREFERS_STRING_CATALOGS = YES;
				MTL_ENABLE_DEBUG_INFO = INCLUDE_SOURCE;
				MTL_FAST_MATH = YES;
				ONLY_ACTIVE_ARCH = YES;
				SDKROOT = iphoneos;
				SWIFT_ACTIVE_COMPILATION_CONDITIONS = "DEBUG $(inherited)";
				SWIFT_OPTIMIZATION_LEVEL = "-Onone";
			};
			name = Debug;
		};
		FBF0D61C2F8D6FC30037B7A6 /* Release */ = {
			isa = XCBuildConfiguration;
			buildSettings = {
				ALWAYS_SEARCH_USER_PATHS = NO;
				ASSETCATALOG_COMPILER_GENERATE_SWIFT_ASSET_SYMBOL_EXTENSIONS = YES;
				CLANG_ANALYZER_NONNULL = YES;
				CLANG_ANALYZER_NUMBER_OBJECT_CONVERSION = YES_AGGRESSIVE;
				CLANG_CXX_LANGUAGE_STANDARD = "gnu++20";
				CLANG_ENABLE_MODULES = YES;
				CLANG_ENABLE_OBJC_ARC = YES;
				CLANG_ENABLE_OBJC_WEAK = YES;
				CLANG_WARN_BLOCK_CAPTURE_AUTORELEASING = YES;
				CLANG_WARN_BOOL_CONVERSION = YES;
				CLANG_WARN_COMMA = YES;
				CLANG_WARN_CONSTANT_CONVERSION = YES;
				CLANG_WARN_DEPRECATED_OBJC_IMPLEMENTATIONS = YES;
				CLANG_WARN_DIRECT_OBJC_ISA_USAGE = YES_ERROR;
				CLANG_WARN_DOCUMENTATION_COMMENTS = YES;
				CLANG_WARN_EMPTY_BODY = YES;
				CLANG_WARN_ENUM_CONVERSION = YES;
				CLANG_WARN_INFINITE_RECURSION = YES;
				CLANG_WARN_INT_CONVERSION = YES;
				CLANG_WARN_NON_LITERAL_NULL_CONVERSION = YES;
				CLANG_WARN_OBJC_IMPLICIT_RETAIN_SELF = YES;
				CLANG_WARN_OBJC_LITERAL_CONVERSION = YES;
				CLANG_WARN_OBJC_ROOT_CLASS = YES_ERROR;
				CLANG_WARN_QUOTED_INCLUDE_IN_FRAMEWORK_HEADER = YES;
				CLANG_WARN_RANGE_LOOP_ANALYSIS = YES;
				CLANG_WARN_STRICT_PROTOTYPES = YES;
				CLANG_WARN_SUSPICIOUS_MOVE = YES;
				CLANG_WARN_UNGUARDED_AVAILABILITY = YES_AGGRESSIVE;
				CLANG_WARN_UNREACHABLE_CODE = YES;
				CLANG_WARN__DUPLICATE_METHOD_MATCH = YES;
				COPY_PHASE_STRIP = NO;
				DEBUG_INFORMATION_FORMAT = "dwarf-with-dsym";
				ENABLE_NS_ASSERTIONS = NO;
				ENABLE_STRICT_OBJC_MSGSEND = YES;
				ENABLE_USER_SCRIPT_SANDBOXING = YES;
				GCC_C_LANGUAGE_STANDARD = gnu17;
				GCC_NO_COMMON_BLOCKS = YES;
				GCC_WARN_64_TO_32_BIT_CONVERSION = YES;
				GCC_WARN_ABOUT_RETURN_TYPE = YES_ERROR;
				GCC_WARN_UNDECLARED_SELECTOR = YES;
				GCC_WARN_UNINITIALIZED_AUTOS = YES_AGGRESSIVE;
				GCC_WARN_UNUSED_FUNCTION = YES;
				GCC_WARN_UNUSED_VARIABLE = YES;
				IPHONEOS_DEPLOYMENT_TARGET = 26.4;
				LOCALIZATION_PREFERS_STRING_CATALOGS = YES;
				MTL_ENABLE_DEBUG_INFO = NO;
				MTL_FAST_MATH = YES;
				SDKROOT = iphoneos;
				SWIFT_COMPILATION_MODE = wholemodule;
				VALIDATE_PRODUCT = YES;
			};
			name = Release;
		};
		FBF0D61E2F8D6FC30037B7A6 /* Debug */ = {
			isa = XCBuildConfiguration;
			buildSettings = {
				ASSETCATALOG_COMPILER_APPICON_NAME = AppIcon;
				ASSETCATALOG_COMPILER_GLOBAL_ACCENT_COLOR_NAME = AccentColor;
				CODE_SIGN_STYLE = Automatic;
				CURRENT_PROJECT_VERSION = 1;
				ENABLE_PREVIEWS = YES;
				GENERATE_INFOPLIST_FILE = YES;
				INFOPLIST_KEY_UIApplicationSceneManifest_Generation = YES;
				INFOPLIST_KEY_UIApplicationSupportsIndirectInputEvents = YES;
				INFOPLIST_KEY_UILaunchScreen_Generation = YES;
				INFOPLIST_KEY_UISupportedInterfaceOrientations_iPad = "UIInterfaceOrientationPortrait UIInterfaceOrientationPortraitUpsideDown UIInterfaceOrientationLandscapeLeft UIInterfaceOrientationLandscapeRight";
				INFOPLIST_KEY_UISupportedInterfaceOrientations_iPhone = "UIInterfaceOrientationPortrait UIInterfaceOrientationLandscapeLeft UIInterfaceOrientationLandscapeRight";
				LD_RUNPATH_SEARCH_PATHS = (
					"$(inherited)",
					"@executable_path/Frameworks",
				);
				MARKETING_VERSION = 1.0;
				PRODUCT_BUNDLE_IDENTIFIER = com.luis.OtekClientes;
				PRODUCT_NAME = "$(TARGET_NAME)";
				STRING_CATALOG_GENERATE_SYMBOLS = YES;
				SWIFT_APPROACHABLE_CONCURRENCY = YES;
				SWIFT_DEFAULT_ACTOR_ISOLATION = MainActor;
				SWIFT_EMIT_LOC_STRINGS = YES;
				SWIFT_UPCOMING_FEATURE_MEMBER_IMPORT_VISIBILITY = YES;
				SWIFT_VERSION = 5.0;
				TARGETED_DEVICE_FAMILY = "1,2";
			};
			name = Debug;
		};
		FBF0D61F2F8D6FC30037B7A6 /* Release */ = {
			isa = XCBuildConfiguration;
			buildSettings = {
				ASSETCATALOG_COMPILER_APPICON_NAME = AppIcon;
				ASSETCATALOG_COMPILER_GLOBAL_ACCENT_COLOR_NAME = AccentColor;
				CODE_SIGN_STYLE = Automatic;
				CURRENT_PROJECT_VERSION = 1;
				ENABLE_PREVIEWS = YES;
				GENERATE_INFOPLIST_FILE = YES;
				INFOPLIST_KEY_UIApplicationSceneManifest_Generation = YES;
				INFOPLIST_KEY_UIApplicationSupportsIndirectInputEvents = YES;
				INFOPLIST_KEY_UILaunchScreen_Generation = YES;
				INFOPLIST_KEY_UISupportedInterfaceOrientations_iPad = "UIInterfaceOrientationPortrait UIInterfaceOrientationPortraitUpsideDown UIInterfaceOrientationLandscapeLeft UIInterfaceOrientationLandscapeRight";
				INFOPLIST_KEY_UISupportedInterfaceOrientations_iPhone = "UIInterfaceOrientationPortrait UIInterfaceOrientationLandscapeLeft UIInterfaceOrientationLandscapeRight";
				LD_RUNPATH_SEARCH_PATHS = (
					"$(inherited)",
					"@executable_path/Frameworks",
				);
				MARKETING_VERSION = 1.0;
				PRODUCT_BUNDLE_IDENTIFIER = com.luis.OtekClientes;
				PRODUCT_NAME = "$(TARGET_NAME)";
				STRING_CATALOG_GENERATE_SYMBOLS = YES;
				SWIFT_APPROACHABLE_CONCURRENCY = YES;
				SWIFT_DEFAULT_ACTOR_ISOLATION = MainActor;
				SWIFT_EMIT_LOC_STRINGS = YES;
				SWIFT_UPCOMING_FEATURE_MEMBER_IMPORT_VISIBILITY = YES;
				SWIFT_VERSION = 5.0;
				TARGETED_DEVICE_FAMILY = "1,2";
			};
			name = Release;
		};
		FBF0D6212F8D6FC30037B7A6 /* Debug */ = {
			isa = XCBuildConfiguration;
			buildSettings = {
				BUNDLE_LOADER = "$(TEST_HOST)";
				CODE_SIGN_STYLE = Automatic;
				CURRENT_PROJECT_VERSION = 1;
				GENERATE_INFOPLIST_FILE = YES;
				IPHONEOS_DEPLOYMENT_TARGET = 26.4;
				MARKETING_VERSION = 1.0;
				PRODUCT_BUNDLE_IDENTIFIER = com.luis.OtekClientesTests;
				PRODUCT_NAME = "$(TARGET_NAME)";
				STRING_CATALOG_GENERATE_SYMBOLS = NO;
				SWIFT_APPROACHABLE_CONCURRENCY = YES;
				SWIFT_EMIT_LOC_STRINGS = NO;
				SWIFT_UPCOMING_FEATURE_MEMBER_IMPORT_VISIBILITY = YES;
				SWIFT_VERSION = 5.0;
				TARGETED_DEVICE_FAMILY = "1,2";
				TEST_HOST = "$(BUILT_PRODUCTS_DIR)/OtekClientes.app/$(BUNDLE_EXECUTABLE_FOLDER_PATH)/OtekClientes";
			};
			name = Debug;
		};
		FBF0D6222F8D6FC30037B7A6 /* Release */ = {
			isa = XCBuildConfiguration;
			buildSettings = {
				BUNDLE_LOADER = "$(TEST_HOST)";
				CODE_SIGN_STYLE = Automatic;
				CURRENT_PROJECT_VERSION = 1;
				GENERATE_INFOPLIST_FILE = YES;
				IPHONEOS_DEPLOYMENT_TARGET = 26.4;
				MARKETING_VERSION = 1.0;
				PRODUCT_BUNDLE_IDENTIFIER = com.luis.OtekClientesTests;
				PRODUCT_NAME = "$(TARGET_NAME)";
				STRING_CATALOG_GENERATE_SYMBOLS = NO;
				SWIFT_APPROACHABLE_CONCURRENCY = YES;
				SWIFT_EMIT_LOC_STRINGS = NO;
				SWIFT_UPCOMING_FEATURE_MEMBER_IMPORT_VISIBILITY = YES;
				SWIFT_VERSION = 5.0;
				TARGETED_DEVICE_FAMILY = "1,2";
				TEST_HOST = "$(BUILT_PRODUCTS_DIR)/OtekClientes.app/$(BUNDLE_EXECUTABLE_FOLDER_PATH)/OtekClientes";
			};
			name = Release;
		};
		FBF0D6242F8D6FC30037B7A6 /* Debug */ = {
			isa = XCBuildConfiguration;
			buildSettings = {
				CODE_SIGN_STYLE = Automatic;
				CURRENT_PROJECT_VERSION = 1;
				GENERATE_INFOPLIST_FILE = YES;
				MARKETING_VERSION = 1.0;
				PRODUCT_BUNDLE_IDENTIFIER = com.luis.OtekClientesUITests;
				PRODUCT_NAME = "$(TARGET_NAME)";
				STRING_CATALOG_GENERATE_SYMBOLS = NO;
				SWIFT_APPROACHABLE_CONCURRENCY = YES;
				SWIFT_EMIT_LOC_STRINGS = NO;
				SWIFT_UPCOMING_FEATURE_MEMBER_IMPORT_VISIBILITY = YES;
				SWIFT_VERSION = 5.0;
				TARGETED_DEVICE_FAMILY = "1,2";
				TEST_TARGET_NAME = OtekClientes;
			};
			name = Debug;
		};
		FBF0D6252F8D6FC30037B7A6 /* Release */ = {
			isa = XCBuildConfiguration;
			buildSettings = {
				CODE_SIGN_STYLE = Automatic;
				CURRENT_PROJECT_VERSION = 1;
				GENERATE_INFOPLIST_FILE = YES;
				MARKETING_VERSION = 1.0;
				PRODUCT_BUNDLE_IDENTIFIER = com.luis.OtekClientesUITests;
				PRODUCT_NAME = "$(TARGET_NAME)";
				STRING_CATALOG_GENERATE_SYMBOLS = NO;
				SWIFT_APPROACHABLE_CONCURRENCY = YES;
				SWIFT_EMIT_LOC_STRINGS = NO;
				SWIFT_UPCOMING_FEATURE_MEMBER_IMPORT_VISIBILITY = YES;
				SWIFT_VERSION = 5.0;
				TARGETED_DEVICE_FAMILY = "1,2";
				TEST_TARGET_NAME = OtekClientes;
			};
			name = Release;
		};
/* End XCBuildConfiguration section */

/* Begin XCConfigurationList section */
		FBF0D5F72F8D6FC10037B7A6 /* Build configuration list for PBXProject "OtekClientes" */ = {
			isa = XCConfigurationList;
			buildConfigurations = (
				FBF0D61B2F8D6FC30037B7A6 /* Debug */,
				FBF0D61C2F8D6FC30037B7A6 /* Release */,
			);
			defaultConfigurationIsVisible = 0;
			defaultConfigurationName = Release;
		};
		FBF0D61D2F8D6FC30037B7A6 /* Build configuration list for PBXNativeTarget "OtekClientes" */ = {
			isa = XCConfigurationList;
			buildConfigurations = (
				FBF0D61E2F8D6FC30037B7A6 /* Debug */,
				FBF0D61F2F8D6FC30037B7A6 /* Release */,
			);
			defaultConfigurationIsVisible = 0;
			defaultConfigurationName = Release;
		};
		FBF0D6202F8D6FC30037B7A6 /* Build configuration list for PBXNativeTarget "OtekClientesTests" */ = {
			isa = XCConfigurationList;
			buildConfigurations = (
				FBF0D6212F8D6FC30037B7A6 /* Debug */,
				FBF0D6222F8D6FC30037B7A6 /* Release */,
			);
			defaultConfigurationIsVisible = 0;
			defaultConfigurationName = Release;
		};
		FBF0D6232F8D6FC30037B7A6 /* Build configuration list for PBXNativeTarget "OtekClientesUITests" */ = {
			isa = XCConfigurationList;
			buildConfigurations = (
				FBF0D6242F8D6FC30037B7A6 /* Debug */,
				FBF0D6252F8D6FC30037B7A6 /* Release */,
			);
			defaultConfigurationIsVisible = 0;
			defaultConfigurationName = Release;
		};
/* End XCConfigurationList section */
	};
	rootObject = FBF0D5F42F8D6FC10037B7A6 /* Project object */;
}
